github.com/kesselborn/jindra v0.0.0-20190830233030-6eb9636f4239 h1:5XvtVMvkKjR5gpM1zVZowSh8iG3j9teyNAtQNdiVlrM=
github.com/kesselborn/jindra v0.0.0-20190911155916-e7d7afe05a51 h1:TLf3Vm9DcSuizB8VNrJlFM/YUpH/+l5k6IWWAgi5PCA=
github.com/kesselborn/jindra/k8sStatusWatcher v0.0.0-20190911155916-e7d7afe05a51 h1:/SRXktHFBNPC67iZbrSyhviH6Pl5MdrpyBBgDAolZuk=
github.com/kesselborn/jindra/k8sStatusWatcher v0.0.0-20190911155916-e7d7afe05a51/go.mod h1:+hmi5v+/i7jGm5zKUJKId0eXaBB/EfSvg82gVbLN064=
